version: 1
algorithm: blake3
groups:
  cli-docs:
    source:
      src/lib.rs: 57efc5342bc8edae29989580176d01ab58ec0b1902fc3ad6917b856ba4d922ca
    dependents:
      README.md: 0623fb285fb06737147c48b3db476be6cecf8468e1e523e6aad3ebe50b41064e
      www/index.html: 1bdda5416cd2315a90102f9eab5806f8510252fd8557e5f307be29dc96b1d272
  dev-docs:
    source:
      Justfile: b2078a84849e703f5adb7e1993dda3f929f1e9245f03367be9e8a95242266677
      flake.nix: a7796d1b64ab0e985d84ed7b32a28f69256a7988ebc6ce2d46924a81cc18ccc6
    dependents:
      AGENTS.md: b7b26d59eb81097596545b6cc72d8aaa8fef84f2ddc7148a5dedcf1ccd4e5101
      CONTRIBUTING.md: 22794617e0e8c601f82a6bfdb27a328958328904ebde20dedbada9f02711c2c3
  release-notes:
    source:
      Cargo.toml: 9ade4a385f93a2e1f3dde7668c3faa003a5d5694f690cf2ff2c2f7fd79a4da8b
    dependents:
      CHANGELOG.md: 4f8024133d1a760f4182a66b2dbefe936eb260de9b01ccdcab604a2739dcadce
